
Microsoft Visual Studio Solution File, Format Version 12.00
# Visual Studio Version 17
VisualStudioVersion = 17.0.32014.148
MinimumVisualStudioVersion = 10.0.40219.1
Project("{FAE04EC0-301F-11D3-BF4B-00C04F79EFBC}") = "RmsSensorReader", "RmsSensorReader.csproj", "{634DD714-5369-4D66-9985-2E487EDADAAA}"
EndProject
Global
	GlobalSection(SolutionConfigurationPlatforms) = preSolution
		Debug|Any CPU = Debug|Any CPU
		Release|Any CPU = Release|Any CPU
	EndGlobalSection
	GlobalSection(ProjectConfigurationPlatforms) = postSolution
		{634DD714-5369-4D66-9985-2E487EDADAAA}.Debug|Any CPU.ActiveCfg = Debug|Any CPU
		{634DD714-5369-4D66-9985-2E487EDADAAA}.Debug|Any CPU.Build.0 = Debug|Any CPU
		{634DD714-5369-4D66-9985-2E487EDADAAA}.Release|Any CPU.ActiveCfg = Release|Any CPU
		{634DD714-5369-4D66-9985-2E487EDADAAA}.Release|Any CPU.Build.0 = Release|Any CPU
	EndGlobalSection
	GlobalSection(SolutionProperties) = preSolution
		HideSolutionNode = FALSE
	EndGlobalSection
	GlobalSection(ExtensibilityGlobals) = postSolution
		SolutionGuid = {CD07CA4D-59C8-458A-95B6-189453180AA4}
	EndGlobalSection
EndGlobal
